
Microsoft Visual Studio Solution File, Format Version 12.00
# Visual Studio Version 17
VisualStudioVersion = 17.0.31903.59
MinimumVisualStudioVersion = 10.0.40219.1
Project("{2150E333-8FDC-42A3-9474-1A3956D46DE8}") = "src", "src", "{827E0CD3-B72D-47B6-A68D-7590B98EB39B}"
EndProject
Project("{FAE04EC0-301F-11D3-BF4B-00C04F79EFBC}") = "WeftStudio.App", "src\WeftStudio.App\WeftStudio.App.csproj", "{5BB70F8A-779B-4735-8015-9BA10D288AF6}"
EndProject
Project("{FAE04EC0-301F-11D3-BF4B-00C04F79EFBC}") = "Weft.Core", "..\src\Weft.Core\Weft.Core.csproj", "{B8E81D8B-9FE9-43CD-80EC-1DCCF16DFF44}"
EndProject
Project("{2150E333-8FDC-42A3-9474-1A3956D46DE8}") = "test", "test", "{0C88DD14-F956-CE84-757C-A364CCF449FC}"
EndProject
Project("{FAE04EC0-301F-11D3-BF4B-00C04F79EFBC}") = "WeftStudio.App.Tests", "test\WeftStudio.App.Tests\WeftStudio.App.Tests.csproj", "{BBA7C05C-454A-4610-8C47-38A8FE6DA95B}"
EndProject
Project("{FAE04EC0-301F-11D3-BF4B-00C04F79EFBC}") = "WeftStudio.Ui", "src\WeftStudio.Ui\WeftStudio.Ui.csproj", "{4E745240-DE92-4034-81B2-DF7711879559}"
EndProject
Project("{FAE04EC0-301F-11D3-BF4B-00C04F79EFBC}") = "WeftStudio.Ui.Tests", "test\WeftStudio.Ui.Tests\WeftStudio.Ui.Tests.csproj", "{2304DB87-EFAE-445E-B5D1-9CB18EC9765D}"
EndProject
Project("{FAE04EC0-301F-11D3-BF4B-00C04F79EFBC}") = "Weft.Auth", "..\src\Weft.Auth\Weft.Auth.csproj", "{A4530EF4-AAFA-4DF5-BDB4-FE882A277D8B}"
EndProject
Project("{FAE04EC0-301F-11D3-BF4B-00C04F79EFBC}") = "Weft.Xmla", "..\src\Weft.Xmla\Weft.Xmla.csproj", "{24A9CC2E-5344-41C7-B337-42E84BFBE8F3}"
EndProject
Global
	GlobalSection(SolutionConfigurationPlatforms) = preSolution
		Debug|Any CPU = Debug|Any CPU
		Debug|x64 = Debug|x64
		Debug|x86 = Debug|x86
		Release|Any CPU = Release|Any CPU
		Release|x64 = Release|x64
		Release|x86 = Release|x86
	EndGlobalSection
	GlobalSection(ProjectConfigurationPlatforms) = postSolution
		{5BB70F8A-779B-4735-8015-9BA10D288AF6}.Debug|Any CPU.ActiveCfg = Debug|Any CPU
		{5BB70F8A-779B-4735-8015-9BA10D288AF6}.Debug|Any CPU.Build.0 = Debug|Any CPU
		{5BB70F8A-779B-4735-8015-9BA10D288AF6}.Debug|x64.ActiveCfg = Debug|Any CPU
		{5BB70F8A-779B-4735-8015-9BA10D288AF6}.Debug|x64.Build.0 = Debug|Any CPU
		{5BB70F8A-779B-4735-8015-9BA10D288AF6}.Debug|x86.ActiveCfg = Debug|Any CPU
		{5BB70F8A-779B-4735-8015-9BA10D288AF6}.Debug|x86.Build.0 = Debug|Any CPU
		{5BB70F8A-779B-4735-8015-9BA10D288AF6}.Release|Any CPU.ActiveCfg = Release|Any CPU
		{5BB70F8A-779B-4735-8015-9BA10D288AF6}.Release|Any CPU.Build.0 = Release|Any CPU
		{5BB70F8A-779B-4735-8015-9BA10D288AF6}.Release|x64.ActiveCfg = Release|Any CPU
		{5BB70F8A-779B-4735-8015-9BA10D288AF6}.Release|x64.Build.0 = Release|Any CPU
		{5BB70F8A-779B-4735-8015-9BA10D288AF6}.Release|x86.ActiveCfg = Release|Any CPU
		{5BB70F8A-779B-4735-8015-9BA10D288AF6}.Release|x86.Build.0 = Release|Any CPU
		{B8E81D8B-9FE9-43CD-80EC-1DCCF16DFF44}.Debug|Any CPU.ActiveCfg = Debug|Any CPU
		{B8E81D8B-9FE9-43CD-80EC-1DCCF16DFF44}.Debug|Any CPU.Build.0 = Debug|Any CPU
		{B8E81D8B-9FE9-43CD-80EC-1DCCF16DFF44}.Debug|x64.ActiveCfg = Debug|Any CPU
		{B8E81D8B-9FE9-43CD-80EC-1DCCF16DFF44}.Debug|x64.Build.0 = Debug|Any CPU
		{B8E81D8B-9FE9-43CD-80EC-1DCCF16DFF44}.Debug|x86.ActiveCfg = Debug|Any CPU
		{B8E81D8B-9FE9-43CD-80EC-1DCCF16DFF44}.Debug|x86.Build.0 = Debug|Any CPU
		{B8E81D8B-9FE9-43CD-80EC-1DCCF16DFF44}.Release|Any CPU.ActiveCfg = Release|Any CPU
		{B8E81D8B-9FE9-43CD-80EC-1DCCF16DFF44}.Release|Any CPU.Build.0 = Release|Any CPU
		{B8E81D8B-9FE9-43CD-80EC-1DCCF16DFF44}.Release|x64.ActiveCfg = Release|Any CPU
		{B8E81D8B-9FE9-43CD-80EC-1DCCF16DFF44}.Release|x64.Build.0 = Release|Any CPU
		{B8E81D8B-9FE9-43CD-80EC-1DCCF16DFF44}.Release|x86.ActiveCfg = Release|Any CPU
		{B8E81D8B-9FE9-43CD-80EC-1DCCF16DFF44}.Release|x86.Build.0 = Release|Any CPU
		{BBA7C05C-454A-4610-8C47-38A8FE6DA95B}.Debug|Any CPU.ActiveCfg = Debug|Any CPU
		{BBA7C05C-454A-4610-8C47-38A8FE6DA95B}.Debug|Any CPU.Build.0 = Debug|Any CPU
		{BBA7C05C-454A-4610-8C47-38A8FE6DA95B}.Debug|x64.ActiveCfg = Debug|Any CPU
		{BBA7C05C-454A-4610-8C47-38A8FE6DA95B}.Debug|x64.Build.0 = Debug|Any CPU
		{BBA7C05C-454A-4610-8C47-38A8FE6DA95B}.Debug|x86.ActiveCfg = Debug|Any CPU
		{BBA7C05C-454A-4610-8C47-38A8FE6DA95B}.Debug|x86.Build.0 = Debug|Any CPU
		{BBA7C05C-454A-4610-8C47-38A8FE6DA95B}.Release|Any CPU.ActiveCfg = Release|Any CPU
		{BBA7C05C-454A-4610-8C47-38A8FE6DA95B}.Release|Any CPU.Build.0 = Release|Any CPU
		{BBA7C05C-454A-4610-8C47-38A8FE6DA95B}.Release|x64.ActiveCfg = Release|Any CPU
		{BBA7C05C-454A-4610-8C47-38A8FE6DA95B}.Release|x64.Build.0 = Release|Any CPU
		{BBA7C05C-454A-4610-8C47-38A8FE6DA95B}.Release|x86.ActiveCfg = Release|Any CPU
		{BBA7C05C-454A-4610-8C47-38A8FE6DA95B}.Release|x86.Build.0 = Release|Any CPU
		{4E745240-DE92-4034-81B2-DF7711879559}.Debug|Any CPU.ActiveCfg = Debug|Any CPU
		{4E745240-DE92-4034-81B2-DF7711879559}.Debug|Any CPU.Build.0 = Debug|Any CPU
		{4E745240-DE92-4034-81B2-DF7711879559}.Debug|x64.ActiveCfg = Debug|Any CPU
		{4E745240-DE92-4034-81B2-DF7711879559}.Debug|x64.Build.0 = Debug|Any CPU
		{4E745240-DE92-4034-81B2-DF7711879559}.Debug|x86.ActiveCfg = Debug|Any CPU
		{4E745240-DE92-4034-81B2-DF7711879559}.Debug|x86.Build.0 = Debug|Any CPU
		{4E745240-DE92-4034-81B2-DF7711879559}.Release|Any CPU.ActiveCfg = Release|Any CPU
		{4E745240-DE92-4034-81B2-DF7711879559}.Release|Any CPU.Build.0 = Release|Any CPU
		{4E745240-DE92-4034-81B2-DF7711879559}.Release|x64.ActiveCfg = Release|Any CPU
		{4E745240-DE92-4034-81B2-DF7711879559}.Release|x64.Build.0 = Release|Any CPU
		{4E745240-DE92-4034-81B2-DF7711879559}.Release|x86.ActiveCfg = Release|Any CPU
		{4E745240-DE92-4034-81B2-DF7711879559}.Release|x86.Build.0 = Release|Any CPU
		{2304DB87-EFAE-445E-B5D1-9CB18EC9765D}.Debug|Any CPU.ActiveCfg = Debug|Any CPU
		{2304DB87-EFAE-445E-B5D1-9CB18EC9765D}.Debug|Any CPU.Build.0 = Debug|Any CPU
		{2304DB87-EFAE-445E-B5D1-9CB18EC9765D}.Debug|x64.ActiveCfg = Debug|Any CPU
		{2304DB87-EFAE-445E-B5D1-9CB18EC9765D}.Debug|x64.Build.0 = Debug|Any CPU
		{2304DB87-EFAE-445E-B5D1-9CB18EC9765D}.Debug|x86.ActiveCfg = Debug|Any CPU
		{2304DB87-EFAE-445E-B5D1-9CB18EC9765D}.Debug|x86.Build.0 = Debug|Any CPU
		{2304DB87-EFAE-445E-B5D1-9CB18EC9765D}.Release|Any CPU.ActiveCfg = Release|Any CPU
		{2304DB87-EFAE-445E-B5D1-9CB18EC9765D}.Release|Any CPU.Build.0 = Release|Any CPU
		{2304DB87-EFAE-445E-B5D1-9CB18EC9765D}.Release|x64.ActiveCfg = Release|Any CPU
		{2304DB87-EFAE-445E-B5D1-9CB18EC9765D}.Release|x64.Build.0 = Release|Any CPU
		{2304DB87-EFAE-445E-B5D1-9CB18EC9765D}.Release|x86.ActiveCfg = Release|Any CPU
		{2304DB87-EFAE-445E-B5D1-9CB18EC9765D}.Release|x86.Build.0 = Release|Any CPU
		{A4530EF4-AAFA-4DF5-BDB4-FE882A277D8B}.Debug|Any CPU.ActiveCfg = Debug|Any CPU
		{A4530EF4-AAFA-4DF5-BDB4-FE882A277D8B}.Debug|Any CPU.Build.0 = Debug|Any CPU
		{A4530EF4-AAFA-4DF5-BDB4-FE882A277D8B}.Debug|x64.ActiveCfg = Debug|Any CPU
		{A4530EF4-AAFA-4DF5-BDB4-FE882A277D8B}.Debug|x64.Build.0 = Debug|Any CPU
		{A4530EF4-AAFA-4DF5-BDB4-FE882A277D8B}.Debug|x86.ActiveCfg = Debug|Any CPU
		{A4530EF4-AAFA-4DF5-BDB4-FE882A277D8B}.Debug|x86.Build.0 = Debug|Any CPU
		{A4530EF4-AAFA-4DF5-BDB4-FE882A277D8B}.Release|Any CPU.ActiveCfg = Release|Any CPU
		{A4530EF4-AAFA-4DF5-BDB4-FE882A277D8B}.Release|Any CPU.Build.0 = Release|Any CPU
		{A4530EF4-AAFA-4DF5-BDB4-FE882A277D8B}.Release|x64.ActiveCfg = Release|Any CPU
		{A4530EF4-AAFA-4DF5-BDB4-FE882A277D8B}.Release|x64.Build.0 = Release|Any CPU
		{A4530EF4-AAFA-4DF5-BDB4-FE882A277D8B}.Release|x86.ActiveCfg = Release|Any CPU
		{A4530EF4-AAFA-4DF5-BDB4-FE882A277D8B}.Release|x86.Build.0 = Release|Any CPU
		{24A9CC2E-5344-41C7-B337-42E84BFBE8F3}.Debug|Any CPU.ActiveCfg = Debug|Any CPU
		{24A9CC2E-5344-41C7-B337-42E84BFBE8F3}.Debug|Any CPU.Build.0 = Debug|Any CPU
		{24A9CC2E-5344-41C7-B337-42E84BFBE8F3}.Debug|x64.ActiveCfg = Debug|Any CPU
		{24A9CC2E-5344-41C7-B337-42E84BFBE8F3}.Debug|x64.Build.0 = Debug|Any CPU
		{24A9CC2E-5344-41C7-B337-42E84BFBE8F3}.Debug|x86.ActiveCfg = Debug|Any CPU
		{24A9CC2E-5344-41C7-B337-42E84BFBE8F3}.Debug|x86.Build.0 = Debug|Any CPU
		{24A9CC2E-5344-41C7-B337-42E84BFBE8F3}.Release|Any CPU.ActiveCfg = Release|Any CPU
		{24A9CC2E-5344-41C7-B337-42E84BFBE8F3}.Release|Any CPU.Build.0 = Release|Any CPU
		{24A9CC2E-5344-41C7-B337-42E84BFBE8F3}.Release|x64.ActiveCfg = Release|Any CPU
		{24A9CC2E-5344-41C7-B337-42E84BFBE8F3}.Release|x64.Build.0 = Release|Any CPU
		{24A9CC2E-5344-41C7-B337-42E84BFBE8F3}.Release|x86.ActiveCfg = Release|Any CPU
		{24A9CC2E-5344-41C7-B337-42E84BFBE8F3}.Release|x86.Build.0 = Release|Any CPU
	EndGlobalSection
	GlobalSection(SolutionProperties) = preSolution
		HideSolutionNode = FALSE
	EndGlobalSection
	GlobalSection(NestedProjects) = preSolution
		{5BB70F8A-779B-4735-8015-9BA10D288AF6} = {827E0CD3-B72D-47B6-A68D-7590B98EB39B}
		{BBA7C05C-454A-4610-8C47-38A8FE6DA95B} = {0C88DD14-F956-CE84-757C-A364CCF449FC}
		{4E745240-DE92-4034-81B2-DF7711879559} = {827E0CD3-B72D-47B6-A68D-7590B98EB39B}
		{2304DB87-EFAE-445E-B5D1-9CB18EC9765D} = {0C88DD14-F956-CE84-757C-A364CCF449FC}
		{A4530EF4-AAFA-4DF5-BDB4-FE882A277D8B} = {827E0CD3-B72D-47B6-A68D-7590B98EB39B}
	EndGlobalSection
EndGlobal
